
Microsoft Visual Studio Solution File, Format Version 12.00
# Visual Studio Version 17
VisualStudioVersion = 17.8.34511.84
MinimumVisualStudioVersion = 10.0.40219.1
Project("{FAE04EC0-301F-11D3-BF4B-00C04F79EFBC}") = "Ruguelike", "Ruguelike\Ruguelike.csproj", "{7DA722E7-D0BF-49D7-9BAB-83760483B992}"
EndProject
Global
	GlobalSection(SolutionConfigurationPlatforms) = preSolution
		Debug|Any CPU = Debug|Any CPU
		Release|Any CPU = Release|Any CPU
	EndGlobalSection
	GlobalSection(ProjectConfigurationPlatforms) = postSolution
		{7DA722E7-D0BF-49D7-9BAB-83760483B992}.Debug|Any CPU.ActiveCfg = Debug|Any CPU
		{7DA722E7-D0BF-49D7-9BAB-83760483B992}.Debug|Any CPU.Build.0 = Debug|Any CPU
		{7DA722E7-D0BF-49D7-9BAB-83760483B992}.Release|Any CPU.ActiveCfg = Release|Any CPU
		{7DA722E7-D0BF-49D7-9BAB-83760483B992}.Release|Any CPU.Build.0 = Release|Any CPU
	EndGlobalSection
	GlobalSection(SolutionProperties) = preSolution
		HideSolutionNode = FALSE
	EndGlobalSection
	GlobalSection(ExtensibilityGlobals) = postSolution
		SolutionGuid = {39E98597-E7E9-44E1-A450-3D85F1163B07}
	EndGlobalSection
EndGlobal
